
Microsoft Visual Studio Solution File, Format Version 12.00
# Visual Studio Version 16
VisualStudioVersion = 16.0.31205.134
MinimumVisualStudioVersion = 10.0.40219.1
Project("{FAE04EC0-301F-11D3-BF4B-00C04F79EFBC}") = "AspMvcWarnerMedia", "AspMvcWarnerMedia\AspMvcWarnerMedia.csproj", "{9ECBD5DE-9406-4722-A2D5-CB4344ECDD2D}"
EndProject
Global
	GlobalSection(SolutionConfigurationPlatforms) = preSolution
		Debug|Any CPU = Debug|Any CPU
		Release|Any CPU = Release|Any CPU
	EndGlobalSection
	GlobalSection(ProjectConfigurationPlatforms) = postSolution
		{9ECBD5DE-9406-4722-A2D5-CB4344ECDD2D}.Debug|Any CPU.ActiveCfg = Debug|Any CPU
		{9ECBD5DE-9406-4722-A2D5-CB4344ECDD2D}.Debug|Any CPU.Build.0 = Debug|Any CPU
		{9ECBD5DE-9406-4722-A2D5-CB4344ECDD2D}.Release|Any CPU.ActiveCfg = Release|Any CPU
		{9ECBD5DE-9406-4722-A2D5-CB4344ECDD2D}.Release|Any CPU.Build.0 = Release|Any CPU
	EndGlobalSection
	GlobalSection(SolutionProperties) = preSolution
		HideSolutionNode = FALSE
	EndGlobalSection
	GlobalSection(ExtensibilityGlobals) = postSolution
		SolutionGuid = {D71C166B-E394-4793-8612-D83F92F5F416}
	EndGlobalSection
EndGlobal
